
Microsoft Visual Studio Solution File, Format Version 12.00
# Visual Studio Version 16
VisualStudioVersion = 16.0.31129.286
MinimumVisualStudioVersion = 10.0.40219.1
Project("{FAE04EC0-301F-11D3-BF4B-00C04F79EFBC}") = "SA - Projeto Encontrar Profissionais", "SA - Projeto Encontrar Profissionais\SA - Projeto Encontrar Profissionais.csproj", "{F57CA5E6-F041-44CE-898B-F7A3ADE8DF63}"
EndProject
Global
	GlobalSection(SolutionConfigurationPlatforms) = preSolution
		Debug|Any CPU = Debug|Any CPU
		Release|Any CPU = Release|Any CPU
	EndGlobalSection
	GlobalSection(ProjectConfigurationPlatforms) = postSolution
		{F57CA5E6-F041-44CE-898B-F7A3ADE8DF63}.Debug|Any CPU.ActiveCfg = Debug|Any CPU
		{F57CA5E6-F041-44CE-898B-F7A3ADE8DF63}.Debug|Any CPU.Build.0 = Debug|Any CPU
		{F57CA5E6-F041-44CE-898B-F7A3ADE8DF63}.Release|Any CPU.ActiveCfg = Release|Any CPU
		{F57CA5E6-F041-44CE-898B-F7A3ADE8DF63}.Release|Any CPU.Build.0 = Release|Any CPU
	EndGlobalSection
	GlobalSection(SolutionProperties) = preSolution
		HideSolutionNode = FALSE
	EndGlobalSection
	GlobalSection(ExtensibilityGlobals) = postSolution
		SolutionGuid = {49C0ACD1-22E3-4F2D-8062-53CC00B643A2}
	EndGlobalSection
EndGlobal
